[[package]]
category = "main"
description = "An unobtrusive argparse wrapper with natural syntax"
name = "argh"
optional = false
python-versions = "*"
version = "0.26.2"

[[package]]
category = "main"
description = "A backport of the dataclasses module for Python 3.6"
marker = "python_version < \"3.7\""
name = "dataclasses"
optional = false
python-versions = "*"
version = "0.6"

[[package]]
category = "main"
description = "Pythonic argument parser, that will make you smile"
name = "docopt"
optional = false
python-versions = "*"
version = "0.6.2"

[[package]]
category = "main"
description = "Simple Python interface for Graphviz"
name = "graphviz"
optional = false
python-versions = ">=2.7,!=3.0.*,!=3.1.*,!=3.2.*,!=3.3.*,!=3.4.*"
version = "0.13"

[[package]]
category = "main"
description = "A very fast and expressive template engine."
name = "jinja2"
optional = false
python-versions = "*"
version = "2.10.3"

[package.dependencies]
MarkupSafe = ">=0.23"

[[package]]
category = "main"
description = "Safely add untrusted strings to HTML/XML markup."
name = "markupsafe"
optional = false
python-versions = ">=2.7,!=3.0.*,!=3.1.*,!=3.2.*,!=3.3.*"
version = "1.1.1"

[[package]]
category = "main"
description = "File system general utilities"
name = "pathtools"
optional = false
python-versions = "*"
version = "0.1.2"

[[package]]
category = "main"
description = "a little orm"
name = "peewee"
optional = false
python-versions = "*"
version = "3.11.2"

[[package]]
category = "main"
description = "Python library for extracting version from poetry pyproject.toml file"
name = "poetry-version"
optional = false
python-versions = ">=2.7, !=3.0.*, !=3.1.*, !=3.2.*, !=3.3.*"
version = "0.1.3"

[package.dependencies]
tomlkit = ">=0.4.6,<0.6.0"

[[package]]
category = "main"
description = "Python bindings for the Qt cross-platform application and UI framework"
name = "pyside2"
optional = true
python-versions = "*"
version = "5.13.1"

[package.dependencies]
shiboken2 = "5.13.1"

[[package]]
category = "main"
description = "YAML parser and emitter for Python"
name = "pyyaml"
optional = false
python-versions = "*"
version = "5.1.2"

[[package]]
category = "main"
description = "Python / C++ bindings helper module"
name = "shiboken2"
optional = true
python-versions = "*"
version = "5.13.1"

[[package]]
category = "main"
description = "Style preserving TOML library"
name = "tomlkit"
optional = false
python-versions = ">=2.7, !=3.0.*, !=3.1.*, !=3.2.*, !=3.3.*"
version = "0.5.8"

[[package]]
category = "main"
description = "Filesystem events monitoring"
name = "watchdog"
optional = false
python-versions = "*"
version = "0.9.0"

[package.dependencies]
PyYAML = ">=3.10"
argh = ">=0.24.1"
pathtools = ">=0.1.1"

[metadata]
content-hash = "7a5cbf2cf390fd8696e33dc4ed7e632a592f2624e3c9cbdd9b1ae8a148a2940c"
python-versions = "^3.6"

[metadata.hashes]
argh = ["a9b3aaa1904eeb78e32394cd46c6f37ac0fb4af6dc488daa58971bdc7d7fcaf3", "e9535b8c84dc9571a48999094fda7f33e63c3f1b74f3e5f3ac0105a58405bb65"]
dataclasses = ["454a69d788c7fda44efd71e259be79577822f5e3f53f029a22d08004e951dc9f", "6988bd2b895eef432d562370bb707d540f32f7360ab13da45340101bc2307d84"]
docopt = ["49b3a825280bd66b3aa83585ef59c4a8c82f2c8a522dbe754a8bc8d08c85c491"]
graphviz = ["dc08677f37c65a4a480f00df4bd0d19a0a103c06aad95f21a37f0b7fd440de81", "df54c2e0d2c8df6aee3397eb44de186d94e2a0610f4052649bfbb26d03d56850"]
jinja2 = ["74320bb91f31270f9551d46522e33af46a80c3d619f4a4bf42b3164d30b5911f", "9fe95f19286cfefaa917656583d020be14e7859c6b0252588391e47db34527de"]
markupsafe = ["00bc623926325b26bb9605ae9eae8a215691f33cae5df11ca5424f06f2d1f473", "09027a7803a62ca78792ad89403b1b7a73a01c8cb65909cd876f7fcebd79b161", "09c4b7f37d6c648cb13f9230d847adf22f8171b1ccc4d5682398e77f40309235", "1027c282dad077d0bae18be6794e6b6b8c91d58ed8a8d89a89d59693b9131db5", "24982cc2533820871eba85ba648cd53d8623687ff11cbb805be4ff7b4c971aff", "29872e92839765e546828bb7754a68c418d927cd064fd4708fab9fe9c8bb116b", "43a55c2930bbc139570ac2452adf3d70cdbb3cfe5912c71cdce1c2c6bbd9c5d1", "46c99d2de99945ec5cb54f23c8cd5689f6d7177305ebff350a58ce5f8de1669e", "500d4957e52ddc3351cabf489e79c91c17f6e0899158447047588650b5e69183", "535f6fc4d397c1563d08b88e485c3496cf5784e927af890fb3c3aac7f933ec66", "62fe6c95e3ec8a7fad637b7f3d372c15ec1caa01ab47926cfdf7a75b40e0eac1", "6dd73240d2af64df90aa7c4e7481e23825ea70af4b4922f8ede5b9e35f78a3b1", "717ba8fe3ae9cc0006d7c451f0bb265ee07739daf76355d06366154ee68d221e", "79855e1c5b8da654cf486b830bd42c06e8780cea587384cf6545b7d9ac013a0b", "7c1699dfe0cf8ff607dbdcc1e9b9af1755371f92a68f706051cc8c37d447c905", "88e5fcfb52ee7b911e8bb6d6aa2fd21fbecc674eadd44118a9cc3863f938e735", "8defac2f2ccd6805ebf65f5eeb132adcf2ab57aa11fdf4c0dd5169a004710e7d", "98c7086708b163d425c67c7a91bad6e466bb99d797aa64f965e9d25c12111a5e", "9add70b36c5666a2ed02b43b335fe19002ee5235efd4b8a89bfcf9005bebac0d", "9bf40443012702a1d2070043cb6291650a0841ece432556f784f004937f0f32c", "ade5e387d2ad0d7ebf59146cc00c8044acbd863725f887353a10df825fc8ae21", "b00c1de48212e4cc9603895652c5c410df699856a2853135b3967591e4beebc2", "b1282f8c00509d99fef04d8ba936b156d419be841854fe901d8ae224c59f0be5", "b2051432115498d3562c084a49bba65d97cf251f5a331c64a12ee7e04dacc51b", "ba59edeaa2fc6114428f1637ffff42da1e311e29382d81b339c1817d37ec93c6", "c8716a48d94b06bb3b2524c2b77e055fb313aeb4ea620c8dd03a105574ba704f", "cd5df75523866410809ca100dc9681e301e3c27567cf498077e8551b6d20e42f", "e249096428b3ae81b08327a63a485ad0878de3fb939049038579ac0ef61e17e7"]
pathtools = ["7c35c5421a39bb82e58018febd90e3b6e5db34c5443aaaf742b3f33d4655f1c0"]
peewee = ["f3f5c80c51b632d031f60454accadd84f166453a471bff63093ca674973f2a4e"]
poetry-version = ["75d3f7ae3ede0539529a81170e77441bc753827f5a1de20ec8174877471d8eaf", "d0edca96a5798e668fb81cdc5941975d1cb0b6020df4b95464b2939605654617"]
pyside2 = ["02986ba0215691980d7b126049c9aa392ffa5174079113bc5e62684bde625cb6", "433d8f0251ce3d7200ad5279b378165ad6babb1f10588ce7aae9df86c1e100d1", "5c52c9e1916248c16c12ae925f167e6ca2580c514c0d46fca0933df6a371d204", "8707fac6088dbf3c7262871a8fb5bf9276500f53ef67438b16c096cd510ce2e5", "8d185ba5d84a885eb9aacf25cee4efe1f8e4abff63afb6bc10e7176e475db59e", "e7aa2b4aa5f47c0f26c8907a4f308bca54ad8239bcabca904906b8f4a54e596e"]
pyyaml = ["0113bc0ec2ad727182326b61326afa3d1d8280ae1122493553fd6f4397f33df9", "01adf0b6c6f61bd11af6e10ca52b7d4057dd0be0343eb9283c878cf3af56aee4", "5124373960b0b3f4aa7df1707e63e9f109b5263eca5976c66e08b1c552d4eaf8", "5ca4f10adbddae56d824b2c09668e91219bb178a1eee1faa56af6f99f11bf696", "7907be34ffa3c5a32b60b95f4d95ea25361c951383a894fec31be7252b2b6f34", "7ec9b2a4ed5cad025c2278a1e6a19c011c80a3caaac804fd2d329e9cc2c287c9", "87ae4c829bb25b9fe99cf71fbb2140c448f534e24c998cc60f39ae4f94396a73", "9de9919becc9cc2ff03637872a440195ac4241c80536632fffeb6a1e25a74299", "a5a85b10e450c66b49f98846937e8cfca1db3127a9d5d1e31ca45c3d0bef4c5b", "b0997827b4f6a7c286c01c5f60384d218dca4ed7d9efa945c3e1aa623d5709ae", "b631ef96d3222e62861443cc89d6563ba3eeb816eeb96b2629345ab795e53681", "bf47c0607522fdbca6c9e817a6e81b08491de50f3766a7a0e6a5be7905961b41", "f81025eddd0327c7d4cfe9b62cf33190e1e736cc6e97502b3ec425f574b3e7a8"]
shiboken2 = ["14ca49878c8d545d1b74b0526af81e4ed5064133c682b57cabfa0ac16e7a2ccb", "2aa481ce1097d10f74f7d0570d7f38fa5158e49b2146ae3aae5c8c56623681b1", "cfec94e16b289f7abca6bf7dfc88b877098653855914c9f54d6477f47c68a93b", "dfbb1f2ea86b4ddff9e91589bc93c9b6e2702ab09285cdc151daa8096442a665", "f18ccc6f1870ab3fb7087412a745dfc4275c8afb1b645b88d982a5708032f3e3", "f341940069fe764f2a9c3a06a9844c4c353c94227d3dbc304640f34b42c02d7a"]
tomlkit = ["32c10cc16ded7e4101c79f269910658cc2a0be5913f1252121c3cd603051c269", "96e6369288571799a3052c1ef93b9de440e1ab751aa045f435b55e9d3bcd0690"]
watchdog = ["965f658d0732de3188211932aeb0bb457587f04f63ab4c1e33eab878e9de961d"]
